PODS:
  - Masonry (1.1.0)
  - NonTableView (1.0.1):
    - Masonry (~> 1.1.0)

DEPENDENCIES:
  - NonTableView (from `../`)

EXTERNAL SOURCES:
  NonTableView:
    :path: ../

SPEC CHECKSUMS:
  Masonry: 678fab65091a9290e40e2832a55e7ab731aad201
  NonTableView: 0b1f12711f967b3e7f3ee282ff104365e2d2902f

PODFILE CHECKSUM: 3e432d4aef8b173c55e6da09ce2b84e13b29ecd0

COCOAPODS: 1.4.0
